<Solution>
  <Folder Name="/Task0/">
    <Project Path="Tyuiu.IvanovMA.Sprint0.Task0.V0/Tyuiu.IvanovMA.Sprint0.Task0.V0.csproj" />
  </Folder>
  <Folder Name="/Task1/">
    <Project Path="Tyuiu.IvanovMA.Sprint0.Task1.V0/Tyuiu.IvanovMA.Sprint0.Task1.V0.csproj" />
  </Folder>
  <Folder Name="/Task2/">
    <Project Path="Tyuiu.IvanovMA.Sprint0.Task2.V0.Lib/Tyuiu.IvanovMA.Sprint0.Task2.V0.Lib.csproj" />
    <Project Path="Tyuiu.IvanovMA.Sprint0.Task2.V0.Test/Tyuiu.IvanovMA.Sprint0.Task2.V0.Test.csproj" />
    <Project Path="Tyuiu.IvanovMA.Sprint0.Task2.V0/Tyuiu.IvanovMA.Sprint0.Task2.V0.csproj" />
  </Folder>
  <Folder Name="/Task3/">
    <Project Path="Tyuiu.IvanovMA.Sprint0.Task3.V0.Lib/Tyuiu.IvanovMA.Sprint0.Task3.V0.Lib.csproj" Id="931f9a7a-db5e-4b8f-90b5-af8f23ed7ea5" />
    <Project Path="Tyuiu.IvanovMA.Sprint0.Task3.V0.Test/Tyuiu.IvanovMA.Sprint0.Task3.V0.Test.csproj" Id="161ce716-312a-44e5-98e6-2653b170acd6" />
    <Project Path="Tyuiu.IvanovMA.Sprint0.Task3.V0/Tyuiu.IvanovMA.Sprint0.Task3.V0.csproj" Id="003cc745-f9ee-4c19-b8ff-2cc8bf58b9ef" />
  </Folder>
  <Folder Name="/Task4/">
    <Project Path="Tyuiu.IvanovMA.Sparint0.Task4.V0/Tyuiu.IvanovMA.Sparint0.Task4.V0.csproj" Id="a2c0d311-050b-4522-bfa9-7ba507ac8c2c" />
    <Project Path="Tyuiu.IvanovMA.Sprint0.Task4.V0.Lib/Tyuiu.IvanovMA.Sprint0.Task4.V0.Lib.csproj" Id="060b4dbb-e873-4107-8948-4251b0e12831" />
    <Project Path="Tyuiu.IvanovMA.Sprint0.Task4.V0.Test/Tyuiu.IvanovMA.Sprint0.Task4.V0.Test.csproj" Id="ec3cc9cb-5262-457c-b87e-fd8da18fe9bc" />
  </Folder>
  <Folder Name="/Task5/">
    <Project Path="Tyuiu.IvanovMA.Sprint0.Task5.V0.Lib/Tyuiu.IvanovMA.Sprint0.Task5.V0.Lib.csproj" Id="99454116-a825-441b-949a-296fd5099926" />
    <Project Path="Tyuiu.IvanovMA.Sprint0.Task5.V0.Test/Tyuiu.IvanovMA.Sprint0.Task5.V0.Test.csproj" Id="073d742a-4818-4e63-984f-191a621e6984" />
    <Project Path="Tyuiu.IvanovMA.Sprint0.Task5.V0/Tyuiu.IvanovMA.Sprint0.Task5.V0.csproj" Id="f76a79c8-29b7-418d-9192-4af5aeaf48ec" />
  </Folder>
</Solution>
